// !$*UTF8*$!
{
	archiveVersion = 1;
	classes = {
	};
	objectVersion = 51;
	objects = {

/* Begin PBXBuildFile section */
		5568E6B1258BC7CB00543C2C /* AppDelegate.swift in Sources */ = {isa = PBXBuildFile; fileRef = 5568E6B0258BC7CB00543C2C /* AppDelegate.swift */; };
		5568E6B3258BC7CB00543C2C /* SceneDelegate.swift in Sources */ = {isa = PBXBuildFile; fileRef = 5568E6B2258BC7CB00543C2C /* SceneDelegate.swift */; };
		5568E6B5258BC7CB00543C2C /* MoviesViewController.swift in Sources */ = {isa = PBXBuildFile; fileRef = 5568E6B4258BC7CB00543C2C /* MoviesViewController.swift */; };
		5568E6B8258BC7CB00543C2C /* Main.storyboard in Resources */ = {isa = PBXBuildFile; fileRef = 5568E6B6258BC7CB00543C2C /* Main.storyboard */; };
		5568E6BA258BC7CD00543C2C /* Assets.xcassets in Resources */ = {isa = PBXBuildFile; fileRef = 5568E6B9258BC7CD00543C2C /* Assets.xcassets */; };
		5568E6BD258BC7CD00543C2C /* LaunchScreen.storyboard in Resources */ = {isa = PBXBuildFile; fileRef = 5568E6BB258BC7CD00543C2C /* LaunchScreen.storyboard */; };
		5568E6C8258BC7CD00543C2C /* AlivecorTests.swift in Sources */ = {isa = PBXBuildFile; fileRef = 5568E6C7258BC7CD00543C2C /* AlivecorTests.swift */; };
		5568E6D3258BC7CD00543C2C /* AlivecorUITests.swift in Sources */ = {isa = PBXBuildFile; fileRef = 5568E6D2258BC7CD00543C2C /* AlivecorUITests.swift */; };
		5568E6FE258BE14400543C2C /* MoviesModel.swift in Sources */ = {isa = PBXBuildFile; fileRef = 5568E6FD258BE14400543C2C /* MoviesModel.swift */; };
		5568E704258BE27000543C2C /* Reachability.swift in Sources */ = {isa = PBXBuildFile; fileRef = 5568E703258BE27000543C2C /* Reachability.swift */; };
		5568E70A258BE2A400543C2C /* ServiceAPI.swift in Sources */ = {isa = PBXBuildFile; fileRef = 5568E709258BE2A400543C2C /* ServiceAPI.swift */; };
		5568E70F258BE44500543C2C /* MoviesModelView.swift in Sources */ = {isa = PBXBuildFile; fileRef = 5568E70E258BE44500543C2C /* MoviesModelView.swift */; };
		5568E714258BEA2B00543C2C /* ProgressHud.swift in Sources */ = {isa = PBXBuildFile; fileRef = 5568E713258BEA2B00543C2C /* ProgressHud.swift */; };
		5568E719258BEA9D00543C2C /* UIView+Extension.swift in Sources */ = {isa = PBXBuildFile; fileRef = 5568E718258BEA9D00543C2C /* UIView+Extension.swift */; };
		5568E726258BEDBC00543C2C /* MovieCell.swift in Sources */ = {isa = PBXBuildFile; fileRef = 5568E724258BEDBC00543C2C /* MovieCell.swift */; };
		5568E727258BEDBC00543C2C /* MovieCell.xib in Resources */ = {isa = PBXBuildFile; fileRef = 5568E725258BEDBC00543C2C /* MovieCell.xib */; };
		556BDD7B258F5A5900A2A7A7 /* Result+Extension.swift in Sources */ = {isa = PBXBuildFile; fileRef = 556BDD7A258F5A5900A2A7A7 /* Result+Extension.swift */; };
		5597C66F258FCE380074B6E1 /* Movies.json in Resources */ = {isa = PBXBuildFile; fileRef = 5597C66E258FCE380074B6E1 /* Movies.json */; };
		55C04DD8258E65A000462801 /* MoviesViewController+TableView.swift in Sources */ = {isa = PBXBuildFile; fileRef = 55C04DD7258E65A000462801 /* MoviesViewController+TableView.swift */; };
		55C04E03258E72FA00462801 /* FavouriteViewController.swift in Sources */ = {isa = PBXBuildFile; fileRef = 55C04E02258E72FA00462801 /* FavouriteViewController.swift */; };
		55C04E0B258E738D00462801 /* FavouriteViewController+TableView.swift in Sources */ = {isa = PBXBuildFile; fileRef = 55C04E0A258E738D00462801 /* FavouriteViewController+TableView.swift */; };
		55C04E10258E79A200462801 /* RealmMovieModel.swift in Sources */ = {isa = PBXBuildFile; fileRef = 55C04E0F258E79A200462801 /* RealmMovieModel.swift */; };
		55C04E1C258E894300462801 /* FavouriteModelView.swift in Sources */ = {isa = PBXBuildFile; fileRef = 55C04E1B258E894300462801 /* FavouriteModelView.swift */; };
		55C2582F258DCE9400DBEA6D /* HTTPManager.swift in Sources */ = {isa = PBXBuildFile; fileRef = 55C2582E258DCE9400DBEA6D /* HTTPManager.swift */; };
		62A2718AB369CD3E04D9D6B5 /* Pods_Alivecor_AlivecorUITests.framework in Frameworks */ = {isa = PBXBuildFile; fileRef = CAEC0950BF10363C93DAD6F6 /* Pods_Alivecor_AlivecorUITests.framework */; };
		72E7C310BBBCCF9401F7A9DE /* Pods_AlivecorTests.framework in Frameworks */ = {isa = PBXBuildFile; fileRef = F4C234C8B66E7C52114F4054 /* Pods_AlivecorTests.framework */; };
		F4BE855A90EE233D5BEB453F /* Pods_Alivecor.framework in Frameworks */ = {isa = PBXBuildFile; fileRef = A03AF63BC0DFA097EECC7EA6 /* Pods_Alivecor.framework */; };
/* End PBXBuildFile section */

/* Begin PBXContainerItemProxy section */
		5568E6C4258BC7CD00543C2C /* PBXContainerItemProxy */ = {
			isa = PBXContainerItemProxy;
			containerPortal = 5568E6A5258BC7CB00543C2C /* Project object */;
			proxyType = 1;
			remoteGlobalIDString = 5568E6AC258BC7CB00543C2C;
			remoteInfo = Alivecor;
		};
		5568E6CF258BC7CD00543C2C /* PBXContainerItemProxy */ = {
			isa = PBXContainerItemProxy;
			containerPortal = 5568E6A5258BC7CB00543C2C /* Project object */;
			proxyType = 1;
			remoteGlobalIDString = 5568E6AC258BC7CB00543C2C;
			remoteInfo = Alivecor;
		};
/* End PBXContainerItemProxy section */

/* Begin PBXFileReference section */
		03570CBA3103CD3D82E76073 /* Pods-Alivecor.release.xcconfig */ = {isa = PBXFileReference; includeInIndex = 1; lastKnownFileType = text.xcconfig; name = "Pods-Alivecor.release.xcconfig"; path = "Target Support Files/Pods-Alivecor/Pods-Alivecor.release.xcconfig"; sourceTree = "<group>"; };
		0DD4DA0681879CCAA5D01FFF /* Pods-Alivecor.debug.xcconfig */ = {isa = PBXFileReference; includeInIndex = 1; lastKnownFileType = text.xcconfig; name = "Pods-Alivecor.debug.xcconfig"; path = "Target Support Files/Pods-Alivecor/Pods-Alivecor.debug.xcconfig"; sourceTree = "<group>"; };
		432C7AF75FE3C649E6C71BB2 /* Pods-AlivecorTests.release.xcconfig */ = {isa = PBXFileReference; includeInIndex = 1; lastKnownFileType = text.xcconfig; name = "Pods-AlivecorTests.release.xcconfig"; path = "Target Support Files/Pods-AlivecorTests/Pods-AlivecorTests.release.xcconfig"; sourceTree = "<group>"; };
		5568E6AD258BC7CB00543C2C /* Alivecor.app */ = {isa = PBXFileReference; explicitFileType = wrapper.application; includeInIndex = 0; path = Alivecor.app; sourceTree = BUILT_PRODUCTS_DIR; };
		5568E6B0258BC7CB00543C2C /* AppDelegate.swift */ = {isa = PBXFileReference; lastKnownFileType = sourcecode.swift; path = AppDelegate.swift; sourceTree = "<group>"; };
		5568E6B2258BC7CB00543C2C /* SceneDelegate.swift */ = {isa = PBXFileReference; lastKnownFileType = sourcecode.swift; path = SceneDelegate.swift; sourceTree = "<group>"; };
		5568E6B4258BC7CB00543C2C /* MoviesViewController.swift */ = {isa = PBXFileReference; lastKnownFileType = sourcecode.swift; path = MoviesViewController.swift; sourceTree = "<group>"; };
		5568E6B7258BC7CB00543C2C /* Base */ = {isa = PBXFileReference; lastKnownFileType = file.storyboard; name = Base; path = Base.lproj/Main.storyboard; sourceTree = "<group>"; };
		5568E6B9258BC7CD00543C2C /* Assets.xcassets */ = {isa = PBXFileReference; lastKnownFileType = folder.assetcatalog; path = Assets.xcassets; sourceTree = "<group>"; };
		5568E6BC258BC7CD00543C2C /* Base */ = {isa = PBXFileReference; lastKnownFileType = file.storyboard; name = Base; path = Base.lproj/LaunchScreen.storyboard; sourceTree = "<group>"; };
		5568E6BE258BC7CD00543C2C /* Info.plist */ = {isa = PBXFileReference; lastKnownFileType = text.plist.xml; path = Info.plist; sourceTree = "<group>"; };
		5568E6C3258BC7CD00543C2C /* AlivecorTests.xctest */ = {isa = PBXFileReference; explicitFileType = wrapper.cfbundle; includeInIndex = 0; path = AlivecorTests.xctest; sourceTree = BUILT_PRODUCTS_DIR; };
		5568E6C7258BC7CD00543C2C /* AlivecorTests.swift */ = {isa = PBXFileReference; lastKnownFileType = sourcecode.swift; path = AlivecorTests.swift; sourceTree = "<group>"; };
		5568E6C9258BC7CD00543C2C /* Info.plist */ = {isa = PBXFileReference; lastKnownFileType = text.plist.xml; path = Info.plist; sourceTree = "<group>"; };
		5568E6CE258BC7CD00543C2C /* AlivecorUITests.xctest */ = {isa = PBXFileReference; explicitFileType = wrapper.cfbundle; includeInIndex = 0; path = AlivecorUITests.xctest; sourceTree = BUILT_PRODUCTS_DIR; };
		5568E6D2258BC7CD00543C2C /* AlivecorUITests.swift */ = {isa = PBXFileReference; lastKnownFileType = sourcecode.swift; path = AlivecorUITests.swift; sourceTree = "<group>"; };
		5568E6D4258BC7CD00543C2C /* Info.plist */ = {isa = PBXFileReference; lastKnownFileType = text.plist.xml; path = Info.plist; sourceTree = "<group>"; };
		5568E6FD258BE14400543C2C /* MoviesModel.swift */ = {isa = PBXFileReference; lastKnownFileType = sourcecode.swift; path = MoviesModel.swift; sourceTree = "<group>"; };
		5568E703258BE27000543C2C /* Reachability.swift */ = {isa = PBXFileReference; lastKnownFileType = sourcecode.swift; path = Reachability.swift; sourceTree = "<group>"; };
		5568E709258BE2A400543C2C /* ServiceAPI.swift */ = {isa = PBXFileReference; lastKnownFileType = sourcecode.swift; path = ServiceAPI.swift; sourceTree = "<group>"; };
		5568E70E258BE44500543C2C /* MoviesModelView.swift */ = {isa = PBXFileReference; lastKnownFileType = sourcecode.swift; path = MoviesModelView.swift; sourceTree = "<group>"; };
		5568E713258BEA2B00543C2C /* ProgressHud.swift */ = {isa = PBXFileReference; lastKnownFileType = sourcecode.swift; path = ProgressHud.swift; sourceTree = "<group>"; };
		5568E718258BEA9D00543C2C /* UIView+Extension.swift */ = {isa = PBXFileReference; lastKnownFileType = sourcecode.swift; path = "UIView+Extension.swift"; sourceTree = "<group>"; };
		5568E724258BEDBC00543C2C /* MovieCell.swift */ = {isa = PBXFileReference; lastKnownFileType = sourcecode.swift; path = MovieCell.swift; sourceTree = "<group>"; };
		5568E725258BEDBC00543C2C /* MovieCell.xib */ = {isa = PBXFileReference; lastKnownFileType = file.xib; path = MovieCell.xib; sourceTree = "<group>"; };
		556BDD7A258F5A5900A2A7A7 /* Result+Extension.swift */ = {isa = PBXFileReference; lastKnownFileType = sourcecode.swift; path = "Result+Extension.swift"; sourceTree = "<group>"; };
		5597C66E258FCE380074B6E1 /* Movies.json */ = {isa = PBXFileReference; fileEncoding = 4; lastKnownFileType = text.json; path = Movies.json; sourceTree = "<group>"; };
		55C04DD7258E65A000462801 /* MoviesViewController+TableView.swift */ = {isa = PBXFileReference; lastKnownFileType = sourcecode.swift; path = "MoviesViewController+TableView.swift"; sourceTree = "<group>"; };
		55C04E02258E72FA00462801 /* FavouriteViewController.swift */ = {isa = PBXFileReference; lastKnownFileType = sourcecode.swift; path = FavouriteViewController.swift; sourceTree = "<group>"; };
		55C04E0A258E738D00462801 /* FavouriteViewController+TableView.swift */ = {isa = PBXFileReference; lastKnownFileType = sourcecode.swift; path = "FavouriteViewController+TableView.swift"; sourceTree = "<group>"; };
		55C04E0F258E79A200462801 /* RealmMovieModel.swift */ = {isa = PBXFileReference; lastKnownFileType = sourcecode.swift; path = RealmMovieModel.swift; sourceTree = "<group>"; };
		55C04E1B258E894300462801 /* FavouriteModelView.swift */ = {isa = PBXFileReference; lastKnownFileType = sourcecode.swift; path = FavouriteModelView.swift; sourceTree = "<group>"; };
		55C2582E258DCE9400DBEA6D /* HTTPManager.swift */ = {isa = PBXFileReference; lastKnownFileType = sourcecode.swift; path = HTTPManager.swift; sourceTree = "<group>"; };
		5B5F63315595FF3372C5DC8E /* Pods-Alivecor-AlivecorUITests.debug.xcconfig */ = {isa = PBXFileReference; includeInIndex = 1; lastKnownFileType = text.xcconfig; name = "Pods-Alivecor-AlivecorUITests.debug.xcconfig"; path = "Target Support Files/Pods-Alivecor-AlivecorUITests/Pods-Alivecor-AlivecorUITests.debug.xcconfig"; sourceTree = "<group>"; };
		66825985AB3C67A2E357F38B /* Pods-Alivecor-AlivecorUITests.release.xcconfig */ = {isa = PBXFileReference; includeInIndex = 1; lastKnownFileType = text.xcconfig; name = "Pods-Alivecor-AlivecorUITests.release.xcconfig"; path = "Target Support Files/Pods-Alivecor-AlivecorUITests/Pods-Alivecor-AlivecorUITests.release.xcconfig"; sourceTree = "<group>"; };
		A03AF63BC0DFA097EECC7EA6 /* Pods_Alivecor.framework */ = {isa = PBXFileReference; explicitFileType = wrapper.framework; includeInIndex = 0; path = Pods_Alivecor.framework; sourceTree = BUILT_PRODUCTS_DIR; };
		CAEC0950BF10363C93DAD6F6 /* Pods_Alivecor_AlivecorUITests.framework */ = {isa = PBXFileReference; explicitFileType = wrapper.framework; includeInIndex = 0; path = Pods_Alivecor_AlivecorUITests.framework; sourceTree = BUILT_PRODUCTS_DIR; };
		EE8FDDF75E3FA27CF048E676 /* Pods-AlivecorTests.debug.xcconfig */ = {isa = PBXFileReference; includeInIndex = 1; lastKnownFileType = text.xcconfig; name = "Pods-AlivecorTests.debug.xcconfig"; path = "Target Support Files/Pods-AlivecorTests/Pods-AlivecorTests.debug.xcconfig"; sourceTree = "<group>"; };
		F4C234C8B66E7C52114F4054 /* Pods_AlivecorTests.framework */ = {isa = PBXFileReference; explicitFileType = wrapper.framework; includeInIndex = 0; path = Pods_AlivecorTests.framework; sourceTree = BUILT_PRODUCTS_DIR; };
/* End PBXFileReference section */

/* Begin PBXFrameworksBuildPhase section */
		5568E6AA258BC7CB00543C2C /* Frameworks */ = {
			isa = PBXFrameworksBuildPhase;
			buildActionMask = 2147483647;
			files = (
				F4BE855A90EE233D5BEB453F /* Pods_Alivecor.framework in Frameworks */,
			);
			runOnlyForDeploymentPostprocessing = 0;
		};
		5568E6C0258BC7CD00543C2C /* Frameworks */ = {
			isa = PBXFrameworksBuildPhase;
			buildActionMask = 2147483647;
			files = (
				72E7C310BBBCCF9401F7A9DE /* Pods_AlivecorTests.framework in Frameworks */,
			);
			runOnlyForDeploymentPostprocessing = 0;
		};
		5568E6CB258BC7CD00543C2C /* Frameworks */ = {
			isa = PBXFrameworksBuildPhase;
			buildActionMask = 2147483647;
			files = (
				62A2718AB369CD3E04D9D6B5 /* Pods_Alivecor_AlivecorUITests.framework in Frameworks */,
			);
			runOnlyForDeploymentPostprocessing = 0;
		};
/* End PBXFrameworksBuildPhase section */

/* Begin PBXGroup section */
		5568E6A4258BC7CB00543C2C = {
			isa = PBXGroup;
			children = (
				5568E6AF258BC7CB00543C2C /* Alivecor */,
				5568E6C6258BC7CD00543C2C /* AlivecorTests */,
				5568E6D1258BC7CD00543C2C /* AlivecorUITests */,
				5568E6AE258BC7CB00543C2C /* Products */,
				992B0BAE3A83E9E6B50BE6C7 /* Pods */,
				893ED1C69C6DB3205007D392 /* Frameworks */,
			);
			sourceTree = "<group>";
		};
		5568E6AE258BC7CB00543C2C /* Products */ = {
			isa = PBXGroup;
			children = (
				5568E6AD258BC7CB00543C2C /* Alivecor.app */,
				5568E6C3258BC7CD00543C2C /* AlivecorTests.xctest */,
				5568E6CE258BC7CD00543C2C /* AlivecorUITests.xctest */,
			);
			name = Products;
			sourceTree = "<group>";
		};
		5568E6AF258BC7CB00543C2C /* Alivecor */ = {
			isa = PBXGroup;
			children = (
				5568E6BE258BC7CD00543C2C /* Info.plist */,
				5568E6B9258BC7CD00543C2C /* Assets.xcassets */,
				5568E6F8258BDFEB00543C2C /* ApiCall */,
				5568E6F4258BDFA200543C2C /* Controller */,
				5568E6F3258BDF4E00543C2C /* Delegate */,
				5568E6F6258BDFD400543C2C /* Model */,
				5568E6F7258BDFDD00543C2C /* ModelView */,
				5568E6F9258BDFF500543C2C /* SupportingFile */,
				5568E6F5258BDFB800543C2C /* View */,
			);
			path = Alivecor;
			sourceTree = "<group>";
		};
		5568E6C6258BC7CD00543C2C /* AlivecorTests */ = {
			isa = PBXGroup;
			children = (
				5597C66E258FCE380074B6E1 /* Movies.json */,
				5568E6C7258BC7CD00543C2C /* AlivecorTests.swift */,
				5568E6C9258BC7CD00543C2C /* Info.plist */,
			);
			path = AlivecorTests;
			sourceTree = "<group>";
		};
		5568E6D1258BC7CD00543C2C /* AlivecorUITests */ = {
			isa = PBXGroup;
			children = (
				5568E6D2258BC7CD00543C2C /* AlivecorUITests.swift */,
				5568E6D4258BC7CD00543C2C /* Info.plist */,
			);
			path = AlivecorUITests;
			sourceTree = "<group>";
		};
		5568E6F3258BDF4E00543C2C /* Delegate */ = {
			isa = PBXGroup;
			children = (
				5568E6B0258BC7CB00543C2C /* AppDelegate.swift */,
				5568E6B2258BC7CB00543C2C /* SceneDelegate.swift */,
			);
			path = Delegate;
			sourceTree = "<group>";
		};
		5568E6F4258BDFA200543C2C /* Controller */ = {
			isa = PBXGroup;
			children = (
				55C04E02258E72FA00462801 /* FavouriteViewController.swift */,
				55C04E0A258E738D00462801 /* FavouriteViewController+TableView.swift */,
				5568E6B4258BC7CB00543C2C /* MoviesViewController.swift */,
				55C04DD7258E65A000462801 /* MoviesViewController+TableView.swift */,
			);
			path = Controller;
			sourceTree = "<group>";
		};
		5568E6F5258BDFB800543C2C /* View */ = {
			isa = PBXGroup;
			children = (
				5568E723258BED7200543C2C /* StoryBoards */,
				5568E722258BED6400543C2C /* Cells */,
			);
			path = View;
			sourceTree = "<group>";
		};
		5568E6F6258BDFD400543C2C /* Model */ = {
			isa = PBXGroup;
			children = (
				5568E6FD258BE14400543C2C /* MoviesModel.swift */,
				55C04E0F258E79A200462801 /* RealmMovieModel.swift */,
			);
			path = Model;
			sourceTree = "<group>";
		};
		5568E6F7258BDFDD00543C2C /* ModelView */ = {
			isa = PBXGroup;
			children = (
				5568E70E258BE44500543C2C /* MoviesModelView.swift */,
				55C04E1B258E894300462801 /* FavouriteModelView.swift */,
			);
			path = ModelView;
			sourceTree = "<group>";
		};
		5568E6F8258BDFEB00543C2C /* ApiCall */ = {
			isa = PBXGroup;
			children = (
				55C2582E258DCE9400DBEA6D /* HTTPManager.swift */,
			);
			path = ApiCall;
			sourceTree = "<group>";
		};
		5568E6F9258BDFF500543C2C /* SupportingFile */ = {
			isa = PBXGroup;
			children = (
				5568E713258BEA2B00543C2C /* ProgressHud.swift */,
				5568E703258BE27000543C2C /* Reachability.swift */,
				556BDD7A258F5A5900A2A7A7 /* Result+Extension.swift */,
				5568E718258BEA9D00543C2C /* UIView+Extension.swift */,
				5568E708258BE28D00543C2C /* URL */,
			);
			path = SupportingFile;
			sourceTree = "<group>";
		};
		5568E708258BE28D00543C2C /* URL */ = {
			isa = PBXGroup;
			children = (
				5568E709258BE2A400543C2C /* ServiceAPI.swift */,
			);
			path = URL;
			sourceTree = "<group>";
		};
		5568E722258BED6400543C2C /* Cells */ = {
			isa = PBXGroup;
			children = (
				5568E724258BEDBC00543C2C /* MovieCell.swift */,
				5568E725258BEDBC00543C2C /* MovieCell.xib */,
			);
			path = Cells;
			sourceTree = "<group>";
		};
		5568E723258BED7200543C2C /* StoryBoards */ = {
			isa = PBXGroup;
			children = (
				5568E6BB258BC7CD00543C2C /* LaunchScreen.storyboard */,
				5568E6B6258BC7CB00543C2C /* Main.storyboard */,
			);
			path = StoryBoards;
			sourceTree = "<group>";
		};
		893ED1C69C6DB3205007D392 /* Frameworks */ = {
			isa = PBXGroup;
			children = (
				A03AF63BC0DFA097EECC7EA6 /* Pods_Alivecor.framework */,
				CAEC0950BF10363C93DAD6F6 /* Pods_Alivecor_AlivecorUITests.framework */,
				F4C234C8B66E7C52114F4054 /* Pods_AlivecorTests.framework */,
			);
			name = Frameworks;
			sourceTree = "<group>";
		};
		992B0BAE3A83E9E6B50BE6C7 /* Pods */ = {
			isa = PBXGroup;
			children = (
				0DD4DA0681879CCAA5D01FFF /* Pods-Alivecor.debug.xcconfig */,
				03570CBA3103CD3D82E76073 /* Pods-Alivecor.release.xcconfig */,
				5B5F63315595FF3372C5DC8E /* Pods-Alivecor-AlivecorUITests.debug.xcconfig */,
				66825985AB3C67A2E357F38B /* Pods-Alivecor-AlivecorUITests.release.xcconfig */,
				EE8FDDF75E3FA27CF048E676 /* Pods-AlivecorTests.debug.xcconfig */,
				432C7AF75FE3C649E6C71BB2 /* Pods-AlivecorTests.release.xcconfig */,
			);
			path = Pods;
			sourceTree = "<group>";
		};
/* End PBXGroup section */

/* Begin PBXNativeTarget section */
		5568E6AC258BC7CB00543C2C /* Alivecor */ = {
			isa = PBXNativeTarget;
			buildConfigurationList = 5568E6D7258BC7CD00543C2C /* Build configuration list for PBXNativeTarget "Alivecor" */;
			buildPhases = (
				48E1272D5AAE3FBCE7210822 /* [CP] Check Pods Manifest.lock */,
				5568E6A9258BC7CB00543C2C /* Sources */,
				5568E6AA258BC7CB00543C2C /* Frameworks */,
				5568E6AB258BC7CB00543C2C /* Resources */,
				3CE26A8112CE92AF779A3377 /* [CP] Embed Pods Frameworks */,
			);
			buildRules = (
			);
			dependencies = (
			);
			name = Alivecor;
			productName = Alivecor;
			productReference = 5568E6AD258BC7CB00543C2C /* Alivecor.app */;
			productType = "com.apple.product-type.application";
		};
		5568E6C2258BC7CD00543C2C /* AlivecorTests */ = {
			isa = PBXNativeTarget;
			buildConfigurationList = 5568E6DA258BC7CD00543C2C /* Build configuration list for PBXNativeTarget "AlivecorTests" */;
			buildPhases = (
				57BE59F37455A59F85A575E7 /* [CP] Check Pods Manifest.lock */,
				5568E6BF258BC7CD00543C2C /* Sources */,
				5568E6C0258BC7CD00543C2C /* Frameworks */,
				5568E6C1258BC7CD00543C2C /* Resources */,
			);
			buildRules = (
			);
			dependencies = (
				5568E6C5258BC7CD00543C2C /* PBXTargetDependency */,
			);
			name = AlivecorTests;
			productName = AlivecorTests;
			productReference = 5568E6C3258BC7CD00543C2C /* AlivecorTests.xctest */;
			productType = "com.apple.product-type.bundle.unit-test";
		};
		5568E6CD258BC7CD00543C2C /* AlivecorUITests */ = {
			isa = PBXNativeTarget;
			buildConfigurationList = 5568E6DD258BC7CD00543C2C /* Build configuration list for PBXNativeTarget "AlivecorUITests" */;
			buildPhases = (
				331E7287C37AC6C1D0A4790D /* [CP] Check Pods Manifest.lock */,
				5568E6CA258BC7CD00543C2C /* Sources */,
				5568E6CB258BC7CD00543C2C /* Frameworks */,
				5568E6CC258BC7CD00543C2C /* Resources */,
				81F51AFDAB01066166F95D12 /* [CP] Embed Pods Frameworks */,
			);
			buildRules = (
			);
			dependencies = (
				5568E6D0258BC7CD00543C2C /* PBXTargetDependency */,
			);
			name = AlivecorUITests;
			productName = AlivecorUITests;
			productReference = 5568E6CE258BC7CD00543C2C /* AlivecorUITests.xctest */;
			productType = "com.apple.product-type.bundle.ui-testing";
		};
/* End PBXNativeTarget section */

/* Begin PBXProject section */
		5568E6A5258BC7CB00543C2C /* Project object */ = {
			isa = PBXProject;
			attributes = {
				LastSwiftUpdateCheck = 1200;
				LastUpgradeCheck = 1200;
				TargetAttributes = {
					5568E6AC258BC7CB00543C2C = {
						CreatedOnToolsVersion = 12.0.1;
					};
					5568E6C2258BC7CD00543C2C = {
						CreatedOnToolsVersion = 12.0.1;
						TestTargetID = 5568E6AC258BC7CB00543C2C;
					};
					5568E6CD258BC7CD00543C2C = {
						CreatedOnToolsVersion = 12.0.1;
						TestTargetID = 5568E6AC258BC7CB00543C2C;
					};
				};
			};
			buildConfigurationList = 5568E6A8258BC7CB00543C2C /* Build configuration list for PBXProject "Alivecor" */;
			compatibilityVersion = "Xcode 9.3";
			developmentRegion = en;
			hasScannedForEncodings = 0;
			knownRegions = (
				en,
				Base,
			);
			mainGroup = 5568E6A4258BC7CB00543C2C;
			productRefGroup = 5568E6AE258BC7CB00543C2C /* Products */;
			projectDirPath = "";
			projectRoot = "";
			targets = (
				5568E6AC258BC7CB00543C2C /* Alivecor */,
				5568E6C2258BC7CD00543C2C /* AlivecorTests */,
				5568E6CD258BC7CD00543C2C /* AlivecorUITests */,
			);
		};
/* End PBXProject section */

/* Begin PBXResourcesBuildPhase section */
		5568E6AB258BC7CB00543C2C /* Resources */ = {
			isa = PBXResourcesBuildPhase;
			buildActionMask = 2147483647;
			files = (
				5568E6BD258BC7CD00543C2C /* LaunchScreen.storyboard in Resources */,
				5568E6BA258BC7CD00543C2C /* Assets.xcassets in Resources */,
				5568E727258BEDBC00543C2C /* MovieCell.xib in Resources */,
				5568E6B8258BC7CB00543C2C /* Main.storyboard in Resources */,
			);
			runOnlyForDeploymentPostprocessing = 0;
		};
		5568E6C1258BC7CD00543C2C /* Resources */ = {
			isa = PBXResourcesBuildPhase;
			buildActionMask = 2147483647;
			files = (
				5597C66F258FCE380074B6E1 /* Movies.json in Resources */,
			);
			runOnlyForDeploymentPostprocessing = 0;
		};
		5568E6CC258BC7CD00543C2C /* Resources */ = {
			isa = PBXResourcesBuildPhase;
			buildActionMask = 2147483647;
			files = (
			);
			runOnlyForDeploymentPostprocessing = 0;
		};
/* End PBXResourcesBuildPhase section */

/* Begin PBXShellScriptBuildPhase section */
		331E7287C37AC6C1D0A4790D /* [CP] Check Pods Manifest.lock */ = {
			isa = PBXShellScriptBuildPhase;
			buildActionMask = 2147483647;
			files = (
			);
			inputFileListPaths = (
			);
			inputPaths = (
				"${PODS_PODFILE_DIR_PATH}/Podfile.lock",
				"${PODS_ROOT}/Manifest.lock",
			);
			name = "[CP] Check Pods Manifest.lock";
			outputFileListPaths = (
			);
			outputPaths = (
				"$(DERIVED_FILE_DIR)/Pods-Alivecor-AlivecorUITests-checkManifestLockResult.txt",
			);
			runOnlyForDeploymentPostprocessing = 0;
			shellPath = /bin/sh;
			shellScript = "diff \"${PODS_PODFILE_DIR_PATH}/Podfile.lock\" \"${PODS_ROOT}/Manifest.lock\" > /dev/null\nif [ $? != 0 ] ; then\n    # print error to STDERR\n    echo \"error: The sandbox is not in sync with the Podfile.lock. Run 'pod install' or update your CocoaPods installation.\" >&2\n    exit 1\nfi\n# This output is used by Xcode 'outputs' to avoid re-running this script phase.\necho \"SUCCESS\" > \"${SCRIPT_OUTPUT_FILE_0}\"\n";
			showEnvVarsInLog = 0;
		};
		3CE26A8112CE92AF779A3377 /* [CP] Embed Pods Frameworks */ = {
			isa = PBXShellScriptBuildPhase;
			buildActionMask = 2147483647;
			files = (
			);
			inputFileListPaths = (
				"${PODS_ROOT}/Target Support Files/Pods-Alivecor/Pods-Alivecor-frameworks-${CONFIGURATION}-input-files.xcfilelist",
			);
			name = "[CP] Embed Pods Frameworks";
			outputFileListPaths = (
				"${PODS_ROOT}/Target Support Files/Pods-Alivecor/Pods-Alivecor-frameworks-${CONFIGURATION}-output-files.xcfilelist",
			);
			runOnlyForDeploymentPostprocessing = 0;
			shellPath = /bin/sh;
			shellScript = "\"${PODS_ROOT}/Target Support Files/Pods-Alivecor/Pods-Alivecor-frameworks.sh\"\n";
			showEnvVarsInLog = 0;
		};
		48E1272D5AAE3FBCE7210822 /* [CP] Check Pods Manifest.lock */ = {
			isa = PBXShellScriptBuildPhase;
			buildActionMask = 2147483647;
			files = (
			);
			inputFileListPaths = (
			);
			inputPaths = (
				"${PODS_PODFILE_DIR_PATH}/Podfile.lock",
				"${PODS_ROOT}/Manifest.lock",
			);
			name = "[CP] Check Pods Manifest.lock";
			outputFileListPaths = (
			);
			outputPaths = (
				"$(DERIVED_FILE_DIR)/Pods-Alivecor-checkManifestLockResult.txt",
			);
			runOnlyForDeploymentPostprocessing = 0;
			shellPath = /bin/sh;
			shellScript = "diff \"${PODS_PODFILE_DIR_PATH}/Podfile.lock\" \"${PODS_ROOT}/Manifest.lock\" > /dev/null\nif [ $? != 0 ] ; then\n    # print error to STDERR\n    echo \"error: The sandbox is not in sync with the Podfile.lock. Run 'pod install' or update your CocoaPods installation.\" >&2\n    exit 1\nfi\n# This output is used by Xcode 'outputs' to avoid re-running this script phase.\necho \"SUCCESS\" > \"${SCRIPT_OUTPUT_FILE_0}\"\n";
			showEnvVarsInLog = 0;
		};
		57BE59F37455A59F85A575E7 /* [CP] Check Pods Manifest.lock */ = {
			isa = PBXShellScriptBuildPhase;
			buildActionMask = 2147483647;
			files = (
			);
			inputFileListPaths = (
			);
			inputPaths = (
				"${PODS_PODFILE_DIR_PATH}/Podfile.lock",
				"${PODS_ROOT}/Manifest.lock",
			);
			name = "[CP] Check Pods Manifest.lock";
			outputFileListPaths = (
			);
			outputPaths = (
				"$(DERIVED_FILE_DIR)/Pods-AlivecorTests-checkManifestLockResult.txt",
			);
			runOnlyForDeploymentPostprocessing = 0;
			shellPath = /bin/sh;
			shellScript = "diff \"${PODS_PODFILE_DIR_PATH}/Podfile.lock\" \"${PODS_ROOT}/Manifest.lock\" > /dev/null\nif [ $? != 0 ] ; then\n    # print error to STDERR\n    echo \"error: The sandbox is not in sync with the Podfile.lock. Run 'pod install' or update your CocoaPods installation.\" >&2\n    exit 1\nfi\n# This output is used by Xcode 'outputs' to avoid re-running this script phase.\necho \"SUCCESS\" > \"${SCRIPT_OUTPUT_FILE_0}\"\n";
			showEnvVarsInLog = 0;
		};
		81F51AFDAB01066166F95D12 /* [CP] Embed Pods Frameworks */ = {
			isa = PBXShellScriptBuildPhase;
			buildActionMask = 2147483647;
			files = (
			);
			inputFileListPaths = (
				"${PODS_ROOT}/Target Support Files/Pods-Alivecor-AlivecorUITests/Pods-Alivecor-AlivecorUITests-frameworks-${CONFIGURATION}-input-files.xcfilelist",
			);
			name = "[CP] Embed Pods Frameworks";
			outputFileListPaths = (
				"${PODS_ROOT}/Target Support Files/Pods-Alivecor-AlivecorUITests/Pods-Alivecor-AlivecorUITests-frameworks-${CONFIGURATION}-output-files.xcfilelist",
			);
			runOnlyForDeploymentPostprocessing = 0;
			shellPath = /bin/sh;
			shellScript = "\"${PODS_ROOT}/Target Support Files/Pods-Alivecor-AlivecorUITests/Pods-Alivecor-AlivecorUITests-frameworks.sh\"\n";
			showEnvVarsInLog = 0;
		};
/* End PBXShellScriptBuildPhase section */

/* Begin PBXSourcesBuildPhase section */
		5568E6A9258BC7CB00543C2C /* Sources */ = {
			isa = PBXSourcesBuildPhase;
			buildActionMask = 2147483647;
			files = (
				5568E6FE258BE14400543C2C /* MoviesModel.swift in Sources */,
				556BDD7B258F5A5900A2A7A7 /* Result+Extension.swift in Sources */,
				5568E6B5258BC7CB00543C2C /* MoviesViewController.swift in Sources */,
				55C04E1C258E894300462801 /* FavouriteModelView.swift in Sources */,
				55C04E10258E79A200462801 /* RealmMovieModel.swift in Sources */,
				5568E726258BEDBC00543C2C /* MovieCell.swift in Sources */,
				55C04E03258E72FA00462801 /* FavouriteViewController.swift in Sources */,
				5568E714258BEA2B00543C2C /* ProgressHud.swift in Sources */,
				55C04DD8258E65A000462801 /* MoviesViewController+TableView.swift in Sources */,
				5568E719258BEA9D00543C2C /* UIView+Extension.swift in Sources */,
				5568E6B1258BC7CB00543C2C /* AppDelegate.swift in Sources */,
				55C2582F258DCE9400DBEA6D /* HTTPManager.swift in Sources */,
				5568E704258BE27000543C2C /* Reachability.swift in Sources */,
				5568E70F258BE44500543C2C /* MoviesModelView.swift in Sources */,
				5568E70A258BE2A400543C2C /* ServiceAPI.swift in Sources */,
				5568E6B3258BC7CB00543C2C /* SceneDelegate.swift in Sources */,
				55C04E0B258E738D00462801 /* FavouriteViewController+TableView.swift in Sources */,
			);
			runOnlyForDeploymentPostprocessing = 0;
		};
		5568E6BF258BC7CD00543C2C /* Sources */ = {
			isa = PBXSourcesBuildPhase;
			buildActionMask = 2147483647;
			files = (
				5568E6C8258BC7CD00543C2C /* AlivecorTests.swift in Sources */,
			);
			runOnlyForDeploymentPostprocessing = 0;
		};
		5568E6CA258BC7CD00543C2C /* Sources */ = {
			isa = PBXSourcesBuildPhase;
			buildActionMask = 2147483647;
			files = (
				5568E6D3258BC7CD00543C2C /* AlivecorUITests.swift in Sources */,
			);
			runOnlyForDeploymentPostprocessing = 0;
		};
/* End PBXSourcesBuildPhase section */

/* Begin PBXTargetDependency section */
		5568E6C5258BC7CD00543C2C /* PBXTargetDependency */ = {
			isa = PBXTargetDependency;
			target = 5568E6AC258BC7CB00543C2C /* Alivecor */;
			targetProxy = 5568E6C4258BC7CD00543C2C /* PBXContainerItemProxy */;
		};
		5568E6D0258BC7CD00543C2C /* PBXTargetDependency */ = {
			isa = PBXTargetDependency;
			target = 5568E6AC258BC7CB00543C2C /* Alivecor */;
			targetProxy = 5568E6CF258BC7CD00543C2C /* PBXContainerItemProxy */;
		};
/* End PBXTargetDependency section */

/* Begin PBXVariantGroup section */
		5568E6B6258BC7CB00543C2C /* Main.storyboard */ = {
			isa = PBXVariantGroup;
			children = (
				5568E6B7258BC7CB00543C2C /* Base */,
			);
			name = Main.storyboard;
			sourceTree = "<group>";
		};
		5568E6BB258BC7CD00543C2C /* LaunchScreen.storyboard */ = {
			isa = PBXVariantGroup;
			children = (
				5568E6BC258BC7CD00543C2C /* Base */,
			);
			name = LaunchScreen.storyboard;
			sourceTree = "<group>";
		};
/* End PBXVariantGroup section */

/* Begin XCBuildConfiguration section */
		5568E6D5258BC7CD00543C2C /* Debug */ = {
			isa = XCBuildConfiguration;
			buildSettings = {
				ALWAYS_SEARCH_USER_PATHS = NO;
				CLANG_ANALYZER_NONNULL = YES;
				CLANG_ANALYZER_NUMBER_OBJECT_CONVERSION = YES_AGGRESSIVE;
				CLANG_CXX_LANGUAGE_STANDARD = "gnu++14";
				CLANG_CXX_LIBRARY = "libc++";
				CLANG_ENABLE_MODULES = YES;
				CLANG_ENABLE_OBJC_ARC = YES;
				CLANG_ENABLE_OBJC_WEAK = YES;
				CLANG_WARN_BLOCK_CAPTURE_AUTORELEASING = YES;
				CLANG_WARN_BOOL_CONVERSION = YES;
				CLANG_WARN_COMMA = YES;
				CLANG_WARN_CONSTANT_CONVERSION = YES;
				CLANG_WARN_DEPRECATED_OBJC_IMPLEMENTATIONS = YES;
				CLANG_WARN_DIRECT_OBJC_ISA_USAGE = YES_ERROR;
				CLANG_WARN_DOCUMENTATION_COMMENTS = YES;
				CLANG_WARN_EMPTY_BODY = YES;
				CLANG_WARN_ENUM_CONVERSION = YES;
				CLANG_WARN_INFINITE_RECURSION = YES;
				CLANG_WARN_INT_CONVERSION = YES;
				CLANG_WARN_NON_LITERAL_NULL_CONVERSION = YES;
				CLANG_WARN_OBJC_IMPLICIT_RETAIN_SELF = YES;
				CLANG_WARN_OBJC_LITERAL_CONVERSION = YES;
				CLANG_WARN_OBJC_ROOT_CLASS = YES_ERROR;
				CLANG_WARN_QUOTED_INCLUDE_IN_FRAMEWORK_HEADER = YES;
				CLANG_WARN_RANGE_LOOP_ANALYSIS = YES;
				CLANG_WARN_STRICT_PROTOTYPES = YES;
				CLANG_WARN_SUSPICIOUS_MOVE = YES;
				CLANG_WARN_UNGUARDED_AVAILABILITY = YES_AGGRESSIVE;
				CLANG_WARN_UNREACHABLE_CODE = YES;
				CLANG_WARN__DUPLICATE_METHOD_MATCH = YES;
				COPY_PHASE_STRIP = NO;
				DEBUG_INFORMATION_FORMAT = dwarf;
				ENABLE_STRICT_OBJC_MSGSEND = YES;
				ENABLE_TESTABILITY = YES;
				GCC_C_LANGUAGE_STANDARD = gnu11;
				GCC_DYNAMIC_NO_PIC = NO;
				GCC_NO_COMMON_BLOCKS = YES;
				GCC_OPTIMIZATION_LEVEL = 0;
				GCC_PREPROCESSOR_DEFINITIONS = (
					"DEBUG=1",
					"$(inherited)",
				);
				GCC_WARN_64_TO_32_BIT_CONVERSION = YES;
				GCC_WARN_ABOUT_RETURN_TYPE = YES_ERROR;
				GCC_WARN_UNDECLARED_SELECTOR = YES;
				GCC_WARN_UNINITIALIZED_AUTOS = YES_AGGRESSIVE;
				GCC_WARN_UNUSED_FUNCTION = YES;
				GCC_WARN_UNUSED_VARIABLE = YES;
				IPHONEOS_DEPLOYMENT_TARGET = 14.0;
				MTL_ENABLE_DEBUG_INFO = INCLUDE_SOURCE;
				MTL_FAST_MATH = YES;
				ONLY_ACTIVE_ARCH = YES;
				SDKROOT = iphoneos;
				SWIFT_ACTIVE_COMPILATION_CONDITIONS = DEBUG;
				SWIFT_OPTIMIZATION_LEVEL = "-Onone";
			};
			name = Debug;
		};
		5568E6D6258BC7CD00543C2C /* Release */ = {
			isa = XCBuildConfiguration;
			buildSettings = {
				ALWAYS_SEARCH_USER_PATHS = NO;
				CLANG_ANALYZER_NONNULL = YES;
				CLANG_ANALYZER_NUMBER_OBJECT_CONVERSION = YES_AGGRESSIVE;
				CLANG_CXX_LANGUAGE_STANDARD = "gnu++14";
				CLANG_CXX_LIBRARY = "libc++";
				CLANG_ENABLE_MODULES = YES;
				CLANG_ENABLE_OBJC_ARC = YES;
				CLANG_ENABLE_OBJC_WEAK = YES;
				CLANG_WARN_BLOCK_CAPTURE_AUTORELEASING = YES;
				CLANG_WARN_BOOL_CONVERSION = YES;
				CLANG_WARN_COMMA = YES;
				CLANG_WARN_CONSTANT_CONVERSION = YES;
				CLANG_WARN_DEPRECATED_OBJC_IMPLEMENTATIONS = YES;
				CLANG_WARN_DIRECT_OBJC_ISA_USAGE = YES_ERROR;
				CLANG_WARN_DOCUMENTATION_COMMENTS = YES;
				CLANG_WARN_EMPTY_BODY = YES;
				CLANG_WARN_ENUM_CONVERSION = YES;
				CLANG_WARN_INFINITE_RECURSION = YES;
				CLANG_WARN_INT_CONVERSION = YES;
				CLANG_WARN_NON_LITERAL_NULL_CONVERSION = YES;
				CLANG_WARN_OBJC_IMPLICIT_RETAIN_SELF = YES;
				CLANG_WARN_OBJC_LITERAL_CONVERSION = YES;
				CLANG_WARN_OBJC_ROOT_CLASS = YES_ERROR;
				CLANG_WARN_QUOTED_INCLUDE_IN_FRAMEWORK_HEADER = YES;
				CLANG_WARN_RANGE_LOOP_ANALYSIS = YES;
				CLANG_WARN_STRICT_PROTOTYPES = YES;
				CLANG_WARN_SUSPICIOUS_MOVE = YES;
				CLANG_WARN_UNGUARDED_AVAILABILITY = YES_AGGRESSIVE;
				CLANG_WARN_UNREACHABLE_CODE = YES;
				CLANG_WARN__DUPLICATE_METHOD_MATCH = YES;
				COPY_PHASE_STRIP = NO;
				DEBUG_INFORMATION_FORMAT = "dwarf-with-dsym";
				ENABLE_NS_ASSERTIONS = NO;
				ENABLE_STRICT_OBJC_MSGSEND = YES;
				GCC_C_LANGUAGE_STANDARD = gnu11;
				GCC_NO_COMMON_BLOCKS = YES;
				GCC_WARN_64_TO_32_BIT_CONVERSION = YES;
				GCC_WARN_ABOUT_RETURN_TYPE = YES_ERROR;
				GCC_WARN_UNDECLARED_SELECTOR = YES;
				GCC_WARN_UNINITIALIZED_AUTOS = YES_AGGRESSIVE;
				GCC_WARN_UNUSED_FUNCTION = YES;
				GCC_WARN_UNUSED_VARIABLE = YES;
				IPHONEOS_DEPLOYMENT_TARGET = 14.0;
				MTL_ENABLE_DEBUG_INFO = NO;
				MTL_FAST_MATH = YES;
				SDKROOT = iphoneos;
				SWIFT_COMPILATION_MODE = wholemodule;
				SWIFT_OPTIMIZATION_LEVEL = "-O";
				VALIDATE_PRODUCT = YES;
			};
			name = Release;
		};
		5568E6D8258BC7CD00543C2C /* Debug */ = {
			isa = XCBuildConfiguration;
			baseConfigurationReference = 0DD4DA0681879CCAA5D01FFF /* Pods-Alivecor.debug.xcconfig */;
			buildSettings = {
				ASSETCATALOG_COMPILER_APPICON_NAME = AppIcon;
				ASSETCATALOG_COMPILER_GLOBAL_ACCENT_COLOR_NAME = AccentColor;
				CODE_SIGN_STYLE = Automatic;
				DEVELOPMENT_TEAM = 8L8ZNBBL9A;
				INFOPLIST_FILE = Alivecor/Info.plist;
				LD_RUNPATH_SEARCH_PATHS = (
					"$(inherited)",
					"@executable_path/Frameworks",
				);
				PRODUCT_BUNDLE_IDENTIFIER = themoviedb.Alivecor;
				PRODUCT_NAME = "$(TARGET_NAME)";
				SWIFT_VERSION = 5.0;
				TARGETED_DEVICE_FAMILY = 1;
			};
			name = Debug;
		};
		5568E6D9258BC7CD00543C2C /* Release */ = {
			isa = XCBuildConfiguration;
			baseConfigurationReference = 03570CBA3103CD3D82E76073 /* Pods-Alivecor.release.xcconfig */;
			buildSettings = {
				ASSETCATALOG_COMPILER_APPICON_NAME = AppIcon;
				ASSETCATALOG_COMPILER_GLOBAL_ACCENT_COLOR_NAME = AccentColor;
				CODE_SIGN_STYLE = Automatic;
				DEVELOPMENT_TEAM = 8L8ZNBBL9A;
				INFOPLIST_FILE = Alivecor/Info.plist;
				LD_RUNPATH_SEARCH_PATHS = (
					"$(inherited)",
					"@executable_path/Frameworks",
				);
				PRODUCT_BUNDLE_IDENTIFIER = themoviedb.Alivecor;
				PRODUCT_NAME = "$(TARGET_NAME)";
				SWIFT_VERSION = 5.0;
				TARGETED_DEVICE_FAMILY = 1;
			};
			name = Release;
		};
		5568E6DB258BC7CD00543C2C /* Debug */ = {
			isa = XCBuildConfiguration;
			baseConfigurationReference = EE8FDDF75E3FA27CF048E676 /* Pods-AlivecorTests.debug.xcconfig */;
			buildSettings = {
				ALWAYS_EMBED_SWIFT_STANDARD_LIBRARIES = YES;
				BUNDLE_LOADER = "$(TEST_HOST)";
				CODE_SIGN_STYLE = Automatic;
				INFOPLIST_FILE = AlivecorTests/Info.plist;
				IPHONEOS_DEPLOYMENT_TARGET = 14.0;
				LD_RUNPATH_SEARCH_PATHS = (
					"$(inherited)",
					"@executable_path/Frameworks",
					"@loader_path/Frameworks",
				);
				PRODUCT_BUNDLE_IDENTIFIER = themoviedb.AlivecorTests;
				PRODUCT_NAME = "$(TARGET_NAME)";
				SWIFT_VERSION = 5.0;
				TARGETED_DEVICE_FAMILY = "1,2";
				TEST_HOST = "$(BUILT_PRODUCTS_DIR)/Alivecor.app/Alivecor";
			};
			name = Debug;
		};
		5568E6DC258BC7CD00543C2C /* Release */ = {
			isa = XCBuildConfiguration;
			baseConfigurationReference = 432C7AF75FE3C649E6C71BB2 /* Pods-AlivecorTests.release.xcconfig */;
			buildSettings = {
				ALWAYS_EMBED_SWIFT_STANDARD_LIBRARIES = YES;
				BUNDLE_LOADER = "$(TEST_HOST)";
				CODE_SIGN_STYLE = Automatic;
				INFOPLIST_FILE = AlivecorTests/Info.plist;
				IPHONEOS_DEPLOYMENT_TARGET = 14.0;
				LD_RUNPATH_SEARCH_PATHS = (
					"$(inherited)",
					"@executable_path/Frameworks",
					"@loader_path/Frameworks",
				);
				PRODUCT_BUNDLE_IDENTIFIER = themoviedb.AlivecorTests;
				PRODUCT_NAME = "$(TARGET_NAME)";
				SWIFT_VERSION = 5.0;
				TARGETED_DEVICE_FAMILY = "1,2";
				TEST_HOST = "$(BUILT_PRODUCTS_DIR)/Alivecor.app/Alivecor";
			};
			name = Release;
		};
		5568E6DE258BC7CD00543C2C /* Debug */ = {
			isa = XCBuildConfiguration;
			baseConfigurationReference = 5B5F63315595FF3372C5DC8E /* Pods-Alivecor-AlivecorUITests.debug.xcconfig */;
			buildSettings = {
				ALWAYS_EMBED_SWIFT_STANDARD_LIBRARIES = YES;
				CODE_SIGN_STYLE = Automatic;
				INFOPLIST_FILE = AlivecorUITests/Info.plist;
				LD_RUNPATH_SEARCH_PATHS = (
					"$(inherited)",
					"@executable_path/Frameworks",
					"@loader_path/Frameworks",
				);
				PRODUCT_BUNDLE_IDENTIFIER = themoviedb.AlivecorUITests;
				PRODUCT_NAME = "$(TARGET_NAME)";
				SWIFT_VERSION = 5.0;
				TARGETED_DEVICE_FAMILY = "1,2";
				TEST_TARGET_NAME = Alivecor;
			};
			name = Debug;
		};
		5568E6DF258BC7CD00543C2C /* Release */ = {
			isa = XCBuildConfiguration;
			baseConfigurationReference = 66825985AB3C67A2E357F38B /* Pods-Alivecor-AlivecorUITests.release.xcconfig */;
			buildSettings = {
				ALWAYS_EMBED_SWIFT_STANDARD_LIBRARIES = YES;
				CODE_SIGN_STYLE = Automatic;
				INFOPLIST_FILE = AlivecorUITests/Info.plist;
				LD_RUNPATH_SEARCH_PATHS = (
					"$(inherited)",
					"@executable_path/Frameworks",
					"@loader_path/Frameworks",
				);
				PRODUCT_BUNDLE_IDENTIFIER = themoviedb.AlivecorUITests;
				PRODUCT_NAME = "$(TARGET_NAME)";
				SWIFT_VERSION = 5.0;
				TARGETED_DEVICE_FAMILY = "1,2";
				TEST_TARGET_NAME = Alivecor;
			};
			name = Release;
		};
/* End XCBuildConfiguration section */

/* Begin XCConfigurationList section */
		5568E6A8258BC7CB00543C2C /* Build configuration list for PBXProject "Alivecor" */ = {
			isa = XCConfigurationList;
			buildConfigurations = (
				5568E6D5258BC7CD00543C2C /* Debug */,
				5568E6D6258BC7CD00543C2C /* Release */,
			);
			defaultConfigurationIsVisible = 0;
			defaultConfigurationName = Release;
		};
		5568E6D7258BC7CD00543C2C /* Build configuration list for PBXNativeTarget "Alivecor" */ = {
			isa = XCConfigurationList;
			buildConfigurations = (
				5568E6D8258BC7CD00543C2C /* Debug */,
				5568E6D9258BC7CD00543C2C /* Release */,
			);
			defaultConfigurationIsVisible = 0;
			defaultConfigurationName = Release;
		};
		5568E6DA258BC7CD00543C2C /* Build configuration list for PBXNativeTarget "AlivecorTests" */ = {
			isa = XCConfigurationList;
			buildConfigurations = (
				5568E6DB258BC7CD00543C2C /* Debug */,
				5568E6DC258BC7CD00543C2C /* Release */,
			);
			defaultConfigurationIsVisible = 0;
			defaultConfigurationName = Release;
		};
		5568E6DD258BC7CD00543C2C /* Build configuration list for PBXNativeTarget "AlivecorUITests" */ = {
			isa = XCConfigurationList;
			buildConfigurations = (
				5568E6DE258BC7CD00543C2C /* Debug */,
				5568E6DF258BC7CD00543C2C /* Release */,
			);
			defaultConfigurationIsVisible = 0;
			defaultConfigurationName = Release;
		};
/* End XCConfigurationList section */
	};
	rootObject = 5568E6A5258BC7CB00543C2C /* Project object */;
}
